# THIS IS AN AUTOGENERATED FILE. DO NOT EDIT THIS FILE DIRECTLY.
# yarn lockfile v1


"@aws-cdk/assets@1.51.0":
  version "1.51.0"
  resolved "https://registry.npmjs.org/@aws-cdk/assets/-/assets-1.51.0.tgz#8f0f6d32dbd7d72277b44c1195b43e3c3fade4e1"
  integrity sha512-vGZQKEMjOrS1cDPnaW0Hv3clw22fdMPiuOBzUfbdr5lLZXX8+RTT/jozj40oDecuzwmW0hlJZvynUbI4n+tkdg==
  dependencies:
    "@aws-cdk/core" "1.51.0"
    "@aws-cdk/cx-api" "1.51.0"
    constructs "^3.0.2"

"@aws-cdk/aws-apigateway@1.51.0":
  version "1.51.0"
  resolved "https://registry.npmjs.org/@aws-cdk/aws-apigateway/-/aws-apigateway-1.51.0.tgz#87684a1b6fccc4eeb34db905eba4e7615458bf10"
  integrity sha512-xSzBTuGC9b6R+NxSUQtGYD/oSpAwC1OFauZm90ue7zhFWAyaI8Rm4wMx6UDpyeBOZsBr18HemLaWhLnZGQUedg==
  dependencies:
    "@aws-cdk/assets" "1.51.0"
    "@aws-cdk/aws-certificatemanager" "1.51.0"
    "@aws-cdk/aws-ec2" "1.51.0"
    "@aws-cdk/aws-elasticloadbalancingv2" "1.51.0"
    "@aws-cdk/aws-iam" "1.51.0"
    "@aws-cdk/aws-lambda" "1.51.0"
    "@aws-cdk/aws-logs" "1.51.0"
    "@aws-cdk/aws-s3" "1.51.0"
    "@aws-cdk/aws-s3-assets" "1.51.0"
    "@aws-cdk/core" "1.51.0"
    "@aws-cdk/cx-api" "1.51.0"
    constructs "^3.0.2"

"@aws-cdk/aws-applicationautoscaling@1.51.0":
  version "1.51.0"
  resolved "https://registry.npmjs.org/@aws-cdk/aws-applicationautoscaling/-/aws-applicationautoscaling-1.51.0.tgz#4e40779f3fd76282be2ffb3dee12a53fc9a3e370"
  integrity sha512-v3qPU7uUDMltdHifFHMDPq9xcD6D8U9i7ERPkuxNDEvjQWsFjGdgdh2iFKsblHibPzRqFEFYuTT7Yvyw5tkhYg==
  dependencies:
    "@aws-cdk/aws-autoscaling-common" "1.51.0"
    "@aws-cdk/aws-cloudwatch" "1.51.0"
    "@aws-cdk/aws-iam" "1.51.0"
    "@aws-cdk/core" "1.51.0"
    constructs "^3.0.2"

"@aws-cdk/aws-autoscaling-common@1.51.0":
  version "1.51.0"
  resolved "https://registry.npmjs.org/@aws-cdk/aws-autoscaling-common/-/aws-autoscaling-common-1.51.0.tgz#e862ae85b3ef724750036b45007d2c723a45b2fa"
  integrity sha512-Hl/5LvehQwXctb1ymB1Z4EYIgtw/JMIna2VFd/+CqLdloe+2kT4EudryG9+XSLic5SxOQZ2iwLQT+qSz3ItSYw==
  dependencies:
    "@aws-cdk/aws-iam" "1.51.0"
    "@aws-cdk/core" "1.51.0"
    constructs "^3.0.2"

"@aws-cdk/aws-autoscaling-hooktargets@1.51.0":
  version "1.51.0"
  resolved "https://registry.npmjs.org/@aws-cdk/aws-autoscaling-hooktargets/-/aws-autoscaling-hooktargets-1.51.0.tgz#3888feb3aa9c14705a8028a7e6af8919ec7ca39e"
  integrity sha512-+1tdvKOmZc98HymPUdKQK4GUDfj+JL0tuvWwMgKCfpjCdQ/jnpRLwyjFKXHSEC/9HBUA2jeeE5viHssmsu024g==
  dependencies:
    "@aws-cdk/aws-autoscaling" "1.51.0"
    "@aws-cdk/aws-iam" "1.51.0"
    "@aws-cdk/aws-lambda" "1.51.0"
    "@aws-cdk/aws-sns" "1.51.0"
    "@aws-cdk/aws-sns-subscriptions" "1.51.0"
    "@aws-cdk/aws-sqs" "1.51.0"
    "@aws-cdk/core" "1.51.0"
    constructs "^3.0.2"

"@aws-cdk/aws-autoscaling@1.51.0":
  version "1.51.0"
  resolved "https://registry.npmjs.org/@aws-cdk/aws-autoscaling/-/aws-autoscaling-1.51.0.tgz#1d8f49e95e4d54dab24fa51920d5288e4f759afc"
  integrity sha512-AU2LFr8MVCWpH9clpRSadpqMWzhXDE9NHMuLI+m1ZkC++cY4zGXFC7iR1Lfc6bJupndPrHC3m6Dta3W193l8Pg==
  dependencies:
    "@aws-cdk/aws-autoscaling-common" "1.51.0"
    "@aws-cdk/aws-cloudwatch" "1.51.0"
    "@aws-cdk/aws-ec2" "1.51.0"
    "@aws-cdk/aws-elasticloadbalancing" "1.51.0"
    "@aws-cdk/aws-elasticloadbalancingv2" "1.51.0"
    "@aws-cdk/aws-iam" "1.51.0"
    "@aws-cdk/aws-sns" "1.51.0"
    "@aws-cdk/core" "1.51.0"
    constructs "^3.0.2"

"@aws-cdk/aws-batch@1.51.0":
  version "1.51.0"
  resolved "https://registry.npmjs.org/@aws-cdk/aws-batch/-/aws-batch-1.51.0.tgz#342db67a936346d196b8758599d8ad1372d0fcfe"
  integrity sha512-jWn/SOLEooiCAhgM4bdO85JyomogULIndCu9WEwk3WL5lfh+tPXiHDMlMuTmWcmO7vULd7uqGPJhCwE9Kgcinw==
  dependencies:
    "@aws-cdk/aws-ec2" "1.51.0"
    "@aws-cdk/aws-ecr" "1.51.0"
    "@aws-cdk/aws-ecs" "1.51.0"
    "@aws-cdk/aws-iam" "1.51.0"
    "@aws-cdk/core" "1.51.0"
    constructs "^3.0.2"

"@aws-cdk/aws-certificatemanager@1.51.0":
  version "1.51.0"
  resolved "https://registry.npmjs.org/@aws-cdk/aws-certificatemanager/-/aws-certificatemanager-1.51.0.tgz#f4c95719a299b51d4990286b7395ca87bbe19cdc"
  integrity sha512-Pc2eBE5oU14FAzgPenczFjdu+LBx0qZlKD91PEW5nYpucxKfR/0etzVpzJwpUuMU/eSD570a4QNFYEGeBdpUCg==
  dependencies:
    "@aws-cdk/aws-iam" "1.51.0"
    "@aws-cdk/aws-lambda" "1.51.0"
    "@aws-cdk/aws-route53" "1.51.0"
    "@aws-cdk/core" "1.51.0"
    constructs "^3.0.2"

"@aws-cdk/aws-cloudformation@1.51.0":
  version "1.51.0"
  resolved "https://registry.npmjs.org/@aws-cdk/aws-cloudformation/-/aws-cloudformation-1.51.0.tgz#2528f7f4541f1a6cdc3fdd48eb055db6c878887a"
  integrity sha512-8dTbgw4nuVQpckvOjdSBRJVBD02bN+P2Vb0oL0ny66aA9YcVhb0Wl7h2F+z/8bHfqxTzN/z/TNsmm6L4AzBWUQ==
  dependencies:
    "@aws-cdk/aws-iam" "1.51.0"
    "@aws-cdk/aws-lambda" "1.51.0"
    "@aws-cdk/aws-s3" "1.51.0"
    "@aws-cdk/aws-sns" "1.51.0"
    "@aws-cdk/core" "1.51.0"
    "@aws-cdk/cx-api" "1.51.0"
    constructs "^3.0.2"

"@aws-cdk/aws-cloudfront@1.51.0":
  version "1.51.0"
  resolved "https://registry.npmjs.org/@aws-cdk/aws-cloudfront/-/aws-cloudfront-1.51.0.tgz#1c25dbc79ec8295d7738ad5cd61b51f581a96f76"
  integrity sha512-qxSz2qYVB9+dMwflM3bpKqZph/zRiXJFHdx35LM92/uvOX03JZ866CDqZFaiy0ZmfQcFTDKT5jFi2eN5dBB/RQ==
  dependencies:
    "@aws-cdk/aws-certificatemanager" "1.51.0"
    "@aws-cdk/aws-iam" "1.51.0"
    "@aws-cdk/aws-kms" "1.51.0"
    "@aws-cdk/aws-lambda" "1.51.0"
    "@aws-cdk/aws-s3" "1.51.0"
    "@aws-cdk/core" "1.51.0"
    constructs "^3.0.2"

"@aws-cdk/aws-cloudwatch@1.51.0":
  version "1.51.0"
  resolved "https://registry.npmjs.org/@aws-cdk/aws-cloudwatch/-/aws-cloudwatch-1.51.0.tgz#e139a841d23f04e94e92e7dccd5c295aeb1f7d90"
  integrity sha512-psAaMR1fqnDeI/u20DNaC0kSeP8dq52K8+p1QJ+c+l7M15wN3UFY1xDi3sSagweCDFE6QNNDSo6VCBlHJZOSVQ==
  dependencies:
    "@aws-cdk/aws-iam" "1.51.0"
    "@aws-cdk/core" "1.51.0"
    constructs "^3.0.2"

"@aws-cdk/aws-codebuild@1.51.0":
  version "1.51.0"
  resolved "https://registry.npmjs.org/@aws-cdk/aws-codebuild/-/aws-codebuild-1.51.0.tgz#3340a0a1af8d168aa7d8db300338789cc87ae294"
  integrity sha512-zMloV0NbIOuGLdZGQy9jy30vi2B629u24WxEvEJb8iB1UlDy1Grw7XsZMiAiTo20/OzsXN4t8Cb7wjy2duV7Gw==
  dependencies:
    "@aws-cdk/assets" "1.51.0"
    "@aws-cdk/aws-cloudwatch" "1.51.0"
    "@aws-cdk/aws-codecommit" "1.51.0"
    "@aws-cdk/aws-ec2" "1.51.0"
    "@aws-cdk/aws-ecr" "1.51.0"
    "@aws-cdk/aws-ecr-assets" "1.51.0"
    "@aws-cdk/aws-events" "1.51.0"
    "@aws-cdk/aws-iam" "1.51.0"
    "@aws-cdk/aws-kms" "1.51.0"
    "@aws-cdk/aws-s3" "1.51.0"
    "@aws-cdk/aws-s3-assets" "1.51.0"
    "@aws-cdk/aws-secretsmanager" "1.51.0"
    "@aws-cdk/core" "1.51.0"
    constructs "^3.0.2"

"@aws-cdk/aws-codecommit@1.51.0":
  version "1.51.0"
  resolved "https://registry.npmjs.org/@aws-cdk/aws-codecommit/-/aws-codecommit-1.51.0.tgz#cb649a207452facdcde563e11f115897c156ffe5"
  integrity sha512-c6l+UXsgMqoDMeFdcl7jJIDH01v70gzerCcEt+f2HRiGfH7DRBMcz3khWyYRcKN4BFC4WLS/yg71TUSLyrkiGQ==
  dependencies:
    "@aws-cdk/aws-events" "1.51.0"
    "@aws-cdk/aws-iam" "1.51.0"
    "@aws-cdk/core" "1.51.0"
    constructs "^3.0.2"

"@aws-cdk/aws-codedeploy@1.51.0":
  version "1.51.0"
  resolved "https://registry.npmjs.org/@aws-cdk/aws-codedeploy/-/aws-codedeploy-1.51.0.tgz#7b077ed173c5b5203b698deee382a440943ec283"
  integrity sha512-eyfn8krfEslhVlZOBoHWNIQBk89KoEIVdJbzICqWg2ohz1LqodPMAY2sVn28wlB0tnZXeMlHXnp3XKrHQefWww==
  dependencies:
    "@aws-cdk/aws-autoscaling" "1.51.0"
    "@aws-cdk/aws-cloudwatch" "1.51.0"
    "@aws-cdk/aws-ec2" "1.51.0"
    "@aws-cdk/aws-elasticloadbalancing" "1.51.0"
    "@aws-cdk/aws-elasticloadbalancingv2" "1.51.0"
    "@aws-cdk/aws-iam" "1.51.0"
    "@aws-cdk/aws-lambda" "1.51.0"
    "@aws-cdk/aws-s3" "1.51.0"
    "@aws-cdk/core" "1.51.0"
    constructs "^3.0.2"

"@aws-cdk/aws-codepipeline-actions@1.51.0":
  version "1.51.0"
  resolved "https://registry.npmjs.org/@aws-cdk/aws-codepipeline-actions/-/aws-codepipeline-actions-1.51.0.tgz#274336a083439016dcfbda43b1c2815e9288450a"
  integrity sha512-VU4ffcUBTL/nsIcnZmOoobIACteXDOtofNDpyrsAZSZHCaVRYTLvUiG+auUE5wWaJ4iytZGKjyxg0uwD+XZBvg==
  dependencies:
    "@aws-cdk/aws-cloudformation" "1.51.0"
    "@aws-cdk/aws-codebuild" "1.51.0"
    "@aws-cdk/aws-codecommit" "1.51.0"
    "@aws-cdk/aws-codedeploy" "1.51.0"
    "@aws-cdk/aws-codepipeline" "1.51.0"
    "@aws-cdk/aws-ec2" "1.51.0"
    "@aws-cdk/aws-ecr" "1.51.0"
    "@aws-cdk/aws-ecs" "1.51.0"
    "@aws-cdk/aws-events" "1.51.0"
    "@aws-cdk/aws-events-targets" "1.51.0"
    "@aws-cdk/aws-iam" "1.51.0"
    "@aws-cdk/aws-lambda" "1.51.0"
    "@aws-cdk/aws-s3" "1.51.0"
    "@aws-cdk/aws-sns" "1.51.0"
    "@aws-cdk/aws-sns-subscriptions" "1.51.0"
    "@aws-cdk/core" "1.51.0"
    case "1.6.3"
    constructs "^3.0.2"

"@aws-cdk/aws-codepipeline@1.51.0":
  version "1.51.0"
  resolved "https://registry.npmjs.org/@aws-cdk/aws-codepipeline/-/aws-codepipeline-1.51.0.tgz#b00a73cdf003b5f973d4cb16832f872f6e0f1f7c"
  integrity sha512-NsEozR7lhDDHEXy4BKzFp1P1yr8xapwQwCdjddTvZT+BPKjg1cYoOoMtkMsx/NIpuFHnKtgR4Im9fIdHx42BgA==
  dependencies:
    "@aws-cdk/aws-events" "1.51.0"
    "@aws-cdk/aws-iam" "1.51.0"
    "@aws-cdk/aws-kms" "1.51.0"
    "@aws-cdk/aws-s3" "1.51.0"
    "@aws-cdk/core" "1.51.0"
    constructs "^3.0.2"

"@aws-cdk/aws-cognito@1.51.0":
  version "1.51.0"
  resolved "https://registry.npmjs.org/@aws-cdk/aws-cognito/-/aws-cognito-1.51.0.tgz#f9f74ad10e496a14e73a6142f8826d177cd0e190"
  integrity sha512-DSKDO0dC6/EQL5d1ZECA14Hi+B1RM74FzU4SARIldPfm3RurK0FvMe/RNAfUzF/aQR+3jEyTHPkoRn27M+/ScA==
  dependencies:
    "@aws-cdk/aws-certificatemanager" "1.51.0"
    "@aws-cdk/aws-iam" "1.51.0"
    "@aws-cdk/aws-lambda" "1.51.0"
    "@aws-cdk/core" "1.51.0"
    "@aws-cdk/custom-resources" "1.51.0"
    constructs "^3.0.2"

"@aws-cdk/aws-ec2@1.51.0":
  version "1.51.0"
  resolved "https://registry.npmjs.org/@aws-cdk/aws-ec2/-/aws-ec2-1.51.0.tgz#7609d18b9a0fbc1fee6b6fbefe30095149ed0018"
  integrity sha512-k0t2xLiRptaFgWZbS+G5hZBxpydje1ocR87bne4Fz6NueC5MSoR/V8bSwQgUtiYO4ifS8IYg7mTcl1QPontg/A==
  dependencies:
    "@aws-cdk/aws-cloudwatch" "1.51.0"
    "@aws-cdk/aws-iam" "1.51.0"
    "@aws-cdk/aws-kms" "1.51.0"
    "@aws-cdk/aws-logs" "1.51.0"
    "@aws-cdk/aws-s3" "1.51.0"
    "@aws-cdk/aws-ssm" "1.51.0"
    "@aws-cdk/cloud-assembly-schema" "1.51.0"
    "@aws-cdk/core" "1.51.0"
    "@aws-cdk/cx-api" "1.51.0"
    "@aws-cdk/region-info" "1.51.0"
    constructs "^3.0.2"

"@aws-cdk/aws-ecr-assets@1.51.0":
  version "1.51.0"
  resolved "https://registry.npmjs.org/@aws-cdk/aws-ecr-assets/-/aws-ecr-assets-1.51.0.tgz#165b9cd00cbb1cc40834fefc88237b543d61544a"
  integrity sha512-p06RlXxXsMs48diUhpAPcBAhz9G9V1wgJHJhqq0vciFfpuapvlBvMxyZ9Lh3gt6FgrZHiBr/EivI1lIuep0uNQ==
  dependencies:
    "@aws-cdk/assets" "1.51.0"
    "@aws-cdk/aws-ecr" "1.51.0"
    "@aws-cdk/aws-iam" "1.51.0"
    "@aws-cdk/aws-lambda" "1.51.0"
    "@aws-cdk/aws-s3" "1.51.0"
    "@aws-cdk/core" "1.51.0"
    "@aws-cdk/cx-api" "1.51.0"
    constructs "^3.0.2"
    minimatch "^3.0.4"

"@aws-cdk/aws-ecr@1.51.0":
  version "1.51.0"
  resolved "https://registry.npmjs.org/@aws-cdk/aws-ecr/-/aws-ecr-1.51.0.tgz#f42a67c6738bca5a932aa0c5658abd7d8c99dab3"
  integrity sha512-6aLzBDEG8QMLKLhbo0YrgehHNL1g4yLUrBPrXbscPCBl2Ut6/WY8MW1j0sC6bO9cEsabNx8W32fStOkxJABjcw==
  dependencies:
    "@aws-cdk/aws-events" "1.51.0"
    "@aws-cdk/aws-iam" "1.51.0"
    "@aws-cdk/core" "1.51.0"
    "@aws-cdk/custom-resources" "1.51.0"
    constructs "^3.0.2"

"@aws-cdk/aws-ecs-patterns@1.51.0":
  version "1.51.0"
  resolved "https://registry.npmjs.org/@aws-cdk/aws-ecs-patterns/-/aws-ecs-patterns-1.51.0.tgz#2a3c44373996bb273880324dcf15e1f9ce3afc50"
  integrity sha512-ufK4qCugLdnrLVhdEi64OkIeIHQooeOUQMd50V4GzjXkNEQDdjni9RVx6ONVW4p9MIviAzSAepsS2DDkN4NjVA==
  dependencies:
    "@aws-cdk/aws-applicationautoscaling" "1.51.0"
    "@aws-cdk/aws-certificatemanager" "1.51.0"
    "@aws-cdk/aws-ec2" "1.51.0"
    "@aws-cdk/aws-ecs" "1.51.0"
    "@aws-cdk/aws-elasticloadbalancingv2" "1.51.0"
    "@aws-cdk/aws-events" "1.51.0"
    "@aws-cdk/aws-events-targets" "1.51.0"
    "@aws-cdk/aws-iam" "1.51.0"
    "@aws-cdk/aws-route53" "1.51.0"
    "@aws-cdk/aws-route53-targets" "1.51.0"
    "@aws-cdk/aws-servicediscovery" "1.51.0"
    "@aws-cdk/aws-sqs" "1.51.0"
    "@aws-cdk/core" "1.51.0"
    constructs "^3.0.2"

"@aws-cdk/aws-ecs@1.51.0":
  version "1.51.0"
  resolved "https://registry.npmjs.org/@aws-cdk/aws-ecs/-/aws-ecs-1.51.0.tgz#2edbf942d5cc7f24ba45fa16999c98275d5cee4a"
  integrity sha512-7uddIjMBJuTB07ItlbFoSMvLyGg6zguD/kuArluzQr/bJWoK6EYJmy7CzBbrydoyCatcPz4Kaxvzs2+UnZJgjg==
  dependencies:
    "@aws-cdk/aws-applicationautoscaling" "1.51.0"
    "@aws-cdk/aws-autoscaling" "1.51.0"
    "@aws-cdk/aws-autoscaling-hooktargets" "1.51.0"
    "@aws-cdk/aws-certificatemanager" "1.51.0"
    "@aws-cdk/aws-cloudwatch" "1.51.0"
    "@aws-cdk/aws-ec2" "1.51.0"
    "@aws-cdk/aws-ecr" "1.51.0"
    "@aws-cdk/aws-ecr-assets" "1.51.0"
    "@aws-cdk/aws-elasticloadbalancing" "1.51.0"
    "@aws-cdk/aws-elasticloadbalancingv2" "1.51.0"
    "@aws-cdk/aws-iam" "1.51.0"
    "@aws-cdk/aws-lambda" "1.51.0"
    "@aws-cdk/aws-logs" "1.51.0"
    "@aws-cdk/aws-route53" "1.51.0"
    "@aws-cdk/aws-route53-targets" "1.51.0"
    "@aws-cdk/aws-secretsmanager" "1.51.0"
    "@aws-cdk/aws-servicediscovery" "1.51.0"
    "@aws-cdk/aws-sns" "1.51.0"
    "@aws-cdk/aws-sqs" "1.51.0"
    "@aws-cdk/aws-ssm" "1.51.0"
    "@aws-cdk/core" "1.51.0"
    "@aws-cdk/cx-api" "1.51.0"
    constructs "^3.0.2"

"@aws-cdk/aws-efs@1.51.0":
  version "1.51.0"
  resolved "https://registry.npmjs.org/@aws-cdk/aws-efs/-/aws-efs-1.51.0.tgz#fa8bcb034721fd454007d301cf5836dbbf47a5f5"
  integrity sha512-EDrXruEPJ1kh5tivUREqmkrVQp86vhMVLZkKzx1vSCuGQjawLn5w4bDcSodWZGwZ5R0bnm85WPidfBd+aKoFUw==
  dependencies:
    "@aws-cdk/aws-ec2" "1.51.0"
    "@aws-cdk/aws-kms" "1.51.0"
    "@aws-cdk/cloud-assembly-schema" "1.51.0"
    "@aws-cdk/core" "1.51.0"
    "@aws-cdk/cx-api" "1.51.0"
    constructs "^3.0.2"

"@aws-cdk/aws-elasticloadbalancing@1.51.0":
  version "1.51.0"
  resolved "https://registry.npmjs.org/@aws-cdk/aws-elasticloadbalancing/-/aws-elasticloadbalancing-1.51.0.tgz#ac345842f315431ac957b5f74be2554d01c20e5c"
  integrity sha512-zjcDY/owkET8y4HK0TkeUPuW0KYUR+CSwj7YIhsxEmqBXMcpOZ/4c9sUKbxlB8fwPWOLiiD9Moh+rQarwzHzwQ==
  dependencies:
    "@aws-cdk/aws-ec2" "1.51.0"
    "@aws-cdk/core" "1.51.0"
    constructs "^3.0.2"

"@aws-cdk/aws-elasticloadbalancingv2@1.51.0":
  version "1.51.0"
  resolved "https://registry.npmjs.org/@aws-cdk/aws-elasticloadbalancingv2/-/aws-elasticloadbalancingv2-1.51.0.tgz#fe6965e0354b3eafa33a90fba2db287f3aaf85a5"
  integrity sha512-jpgV9TLH2VB9EPPUf8MoBSUwiOA8MfcdoqWm4C5WjuPlHO8kktBfe5wF4WgGO5UK0TnV54Nh+NpFV8lbjPTSgw==
  dependencies:
    "@aws-cdk/aws-certificatemanager" "1.51.0"
    "@aws-cdk/aws-cloudwatch" "1.51.0"
    "@aws-cdk/aws-ec2" "1.51.0"
    "@aws-cdk/aws-iam" "1.51.0"
    "@aws-cdk/aws-lambda" "1.51.0"
    "@aws-cdk/aws-s3" "1.51.0"
    "@aws-cdk/core" "1.51.0"
    constructs "^3.0.2"

"@aws-cdk/aws-events-targets@1.51.0":
  version "1.51.0"
  resolved "https://registry.npmjs.org/@aws-cdk/aws-events-targets/-/aws-events-targets-1.51.0.tgz#bd8699fe9b03572aa3cf446b8d5a08ed3e8b4827"
  integrity sha512-IRcEb0Y91EOaueR6VPRNvuK6/bLOJ66ddPH0j+0e5rKn+GVLA6117mP6Bca6OJkPv3sKG6+WusmmK/i8HRjGjA==
  dependencies:
    "@aws-cdk/aws-batch" "1.51.0"
    "@aws-cdk/aws-codebuild" "1.51.0"
    "@aws-cdk/aws-codepipeline" "1.51.0"
    "@aws-cdk/aws-ec2" "1.51.0"
    "@aws-cdk/aws-ecs" "1.51.0"
    "@aws-cdk/aws-events" "1.51.0"
    "@aws-cdk/aws-iam" "1.51.0"
    "@aws-cdk/aws-kinesis" "1.51.0"
    "@aws-cdk/aws-lambda" "1.51.0"
    "@aws-cdk/aws-sns" "1.51.0"
    "@aws-cdk/aws-sns-subscriptions" "1.51.0"
    "@aws-cdk/aws-sqs" "1.51.0"
    "@aws-cdk/aws-stepfunctions" "1.51.0"
    "@aws-cdk/core" "1.51.0"
    constructs "^3.0.2"

"@aws-cdk/aws-events@1.51.0":
  version "1.51.0"
  resolved "https://registry.npmjs.org/@aws-cdk/aws-events/-/aws-events-1.51.0.tgz#54ce13076adc3b903647e1e0f5c708f0905839c8"
  integrity sha512-1zhsZJGKgHA7eZ4/J2rIBzKSffOvDPYi1uLhSxjHYJ/IPAeV7oTccv0257sb8p2nbc9uAHR0FApboNN5/M4YFA==
  dependencies:
    "@aws-cdk/aws-iam" "1.51.0"
    "@aws-cdk/core" "1.51.0"
    constructs "^3.0.2"

"@aws-cdk/aws-iam@1.51.0":
  version "1.51.0"
  resolved "https://registry.npmjs.org/@aws-cdk/aws-iam/-/aws-iam-1.51.0.tgz#a2fa86dd9f96e49deb8ce7e662edc1fc996ae0f7"
  integrity sha512-s7VwKeeZds0z86yV1vmm/zDCFLnop+67AcEu9QMncluR5yPy+GL2lDjVs2e5py8D3Wmv0XOObbieu4+r9+lKYw==
  dependencies:
    "@aws-cdk/core" "1.51.0"
    "@aws-cdk/region-info" "1.51.0"
    constructs "^3.0.2"

"@aws-cdk/aws-kinesis@1.51.0":
  version "1.51.0"
  resolved "https://registry.npmjs.org/@aws-cdk/aws-kinesis/-/aws-kinesis-1.51.0.tgz#ceb527eda31db73ed11f8ee03d5b4ce8d2c11f90"
  integrity sha512-BzQtD/fHPiFav8gWzLilExjQA8VhlVjBQiNvi15ssL/GMi6xMuGzPRg9Lwvj104wr8scVFH4W3OhB1lHbQcV1Q==
  dependencies:
    "@aws-cdk/aws-iam" "1.51.0"
    "@aws-cdk/aws-kms" "1.51.0"
    "@aws-cdk/aws-logs" "1.51.0"
    "@aws-cdk/core" "1.51.0"
    constructs "^3.0.2"

"@aws-cdk/aws-kms@1.51.0":
  version "1.51.0"
  resolved "https://registry.npmjs.org/@aws-cdk/aws-kms/-/aws-kms-1.51.0.tgz#2857eb1349c0196a070acf65342a389438c97a11"
  integrity sha512-/bDg3Qz1cx6D4FTKXJ9LG7GcCl3CPWgB/8m2/0JESSsjlGCV7qcT5XY4MegG+RPIhzyVeK0c3c6eXvR+HzygsQ==
  dependencies:
    "@aws-cdk/aws-iam" "1.51.0"
    "@aws-cdk/core" "1.51.0"
    constructs "^3.0.2"

"@aws-cdk/aws-lambda@1.51.0":
  version "1.51.0"
  resolved "https://registry.npmjs.org/@aws-cdk/aws-lambda/-/aws-lambda-1.51.0.tgz#e4d6e6f4764b177322bae333dac3c2561e84c8e9"
  integrity sha512-cWKdSFmbrCUgyRwfKKLsJH8xCnPVmpjvPWbEglcBlKWg4f8UlsRk2wd2Lw2HlDjb+Pntj4cJpj578ZS2XPBEQA==
  dependencies:
    "@aws-cdk/aws-cloudwatch" "1.51.0"
    "@aws-cdk/aws-ec2" "1.51.0"
    "@aws-cdk/aws-efs" "1.51.0"
    "@aws-cdk/aws-events" "1.51.0"
    "@aws-cdk/aws-iam" "1.51.0"
    "@aws-cdk/aws-logs" "1.51.0"
    "@aws-cdk/aws-s3" "1.51.0"
    "@aws-cdk/aws-s3-assets" "1.51.0"
    "@aws-cdk/aws-sqs" "1.51.0"
    "@aws-cdk/core" "1.51.0"
    "@aws-cdk/cx-api" "1.51.0"
    constructs "^3.0.2"

"@aws-cdk/aws-logs@1.51.0":
  version "1.51.0"
  resolved "https://registry.npmjs.org/@aws-cdk/aws-logs/-/aws-logs-1.51.0.tgz#6e62c435e4b06b7917e9830974d02f21440e5c9a"
  integrity sha512-Sj2cRqNnxQQ2sWJ58vRakZ2ZkCjlRrrVqXJwfuxXNLHkbDXcm1oseFSZ+bkWwaCD1Hz+4Mh7iwhDaRq/ajj3uQ==
  dependencies:
    "@aws-cdk/aws-cloudwatch" "1.51.0"
    "@aws-cdk/aws-iam" "1.51.0"
    "@aws-cdk/core" "1.51.0"
    constructs "^3.0.2"

"@aws-cdk/aws-route53-targets@1.51.0":
  version "1.51.0"
  resolved "https://registry.npmjs.org/@aws-cdk/aws-route53-targets/-/aws-route53-targets-1.51.0.tgz#cc04ffa1d13b6d88a49d813cfbfe1682ffedcd93"
  integrity sha512-kyBGjjGGjcubFW4ATB6o3/lLq8UIWX7Y5OTA3bMBcNqgLuEChdRVnk+o/yk+y5zes+TOLUAyYTEvVwdw6rnblw==
  dependencies:
    "@aws-cdk/aws-apigateway" "1.51.0"
    "@aws-cdk/aws-cloudfront" "1.51.0"
    "@aws-cdk/aws-cognito" "1.51.0"
    "@aws-cdk/aws-ec2" "1.51.0"
    "@aws-cdk/aws-elasticloadbalancing" "1.51.0"
    "@aws-cdk/aws-elasticloadbalancingv2" "1.51.0"
    "@aws-cdk/aws-iam" "1.51.0"
    "@aws-cdk/aws-route53" "1.51.0"
    "@aws-cdk/aws-s3" "1.51.0"
    "@aws-cdk/core" "1.51.0"
    "@aws-cdk/region-info" "1.51.0"
    constructs "^3.0.2"

"@aws-cdk/aws-route53@1.51.0":
  version "1.51.0"
  resolved "https://registry.npmjs.org/@aws-cdk/aws-route53/-/aws-route53-1.51.0.tgz#804bb0b4cd45b366bf12aa66507dd527a3aa8dbf"
  integrity sha512-6qLwy/iudgzqAlnxhs1HtJG5ho0sBskk4Bl7mnTJRvRYqdZdvjNo8VGYhXewPCSheNCaFsiwqhg6cXzFVX8VGw==
  dependencies:
    "@aws-cdk/aws-ec2" "1.51.0"
    "@aws-cdk/aws-logs" "1.51.0"
    "@aws-cdk/cloud-assembly-schema" "1.51.0"
    "@aws-cdk/core" "1.51.0"
    constructs "^3.0.2"

"@aws-cdk/aws-s3-assets@1.51.0":
  version "1.51.0"
  resolved "https://registry.npmjs.org/@aws-cdk/aws-s3-assets/-/aws-s3-assets-1.51.0.tgz#64d35e5738e85e0e3158aae95068bac9c812d293"
  integrity sha512-KO9JE9BX5+QnR0TZKToX3wtbRqnxB1dd1JRfoU76QpMEqooK6bBAhGNmNbAfVu5vOE2s1BvmRjyMbIbqyUFEsg==
  dependencies:
    "@aws-cdk/assets" "1.51.0"
    "@aws-cdk/aws-iam" "1.51.0"
    "@aws-cdk/aws-kms" "1.51.0"
    "@aws-cdk/aws-s3" "1.51.0"
    "@aws-cdk/core" "1.51.0"
    "@aws-cdk/cx-api" "1.51.0"
    constructs "^3.0.2"

"@aws-cdk/aws-s3@1.51.0":
  version "1.51.0"
  resolved "https://registry.npmjs.org/@aws-cdk/aws-s3/-/aws-s3-1.51.0.tgz#20961d04a95e713e9f88e2e0b3da0e90962f1b09"
  integrity sha512-EmVcNhkAV/BwZ+6GOdcW7ufqrAHqjTlIdnc+DBirDmTfoWZDeza2ntC7hhy7MSuFI7WOiH7eGMMmK9mhs0v7Rg==
  dependencies:
    "@aws-cdk/aws-events" "1.51.0"
    "@aws-cdk/aws-iam" "1.51.0"
    "@aws-cdk/aws-kms" "1.51.0"
    "@aws-cdk/core" "1.51.0"
    constructs "^3.0.2"

"@aws-cdk/aws-sam@1.51.0":
  version "1.51.0"
  resolved "https://registry.npmjs.org/@aws-cdk/aws-sam/-/aws-sam-1.51.0.tgz#eaf948418939e5cad919ebaf988ffb9ea647eb0e"
  integrity sha512-RnHPMsh5657cfx4G56EK66gOk9IixThkc3oZDGgY8S9OC3702eUqfUY3vERMsaDeZaK1P6dO9KciIMmXAAT+bg==
  dependencies:
    "@aws-cdk/core" "1.51.0"
    constructs "^3.0.2"

"@aws-cdk/aws-secretsmanager@1.51.0":
  version "1.51.0"
  resolved "https://registry.npmjs.org/@aws-cdk/aws-secretsmanager/-/aws-secretsmanager-1.51.0.tgz#81323617adf42fa4702aa2784deb56f219f0e240"
  integrity sha512-0DVYA18oXA3BOtM5nG0cr6laAPr5tQbZ1mBz2YkBir+VnjmTZ/6yw87MvKXiyGy+a+birmxT6i2DH+/pRi6jYw==
  dependencies:
    "@aws-cdk/aws-ec2" "1.51.0"
    "@aws-cdk/aws-iam" "1.51.0"
    "@aws-cdk/aws-kms" "1.51.0"
    "@aws-cdk/aws-lambda" "1.51.0"
    "@aws-cdk/aws-sam" "1.51.0"
    "@aws-cdk/core" "1.51.0"
    constructs "^3.0.2"

"@aws-cdk/aws-servicediscovery@1.51.0":
  version "1.51.0"
  resolved "https://registry.npmjs.org/@aws-cdk/aws-servicediscovery/-/aws-servicediscovery-1.51.0.tgz#477c253ee244eea6d1e46bddc36a510181876f43"
  integrity sha512-R2DtSqc1Y0V0s74INFqDQZMuwvTmXgJVGfByzarjXpL+wuiMn+EUEclWjUDVilW+Bz8f7DjH6VfdRRV7Gi+5Hw==
  dependencies:
    "@aws-cdk/aws-ec2" "1.51.0"
    "@aws-cdk/aws-elasticloadbalancingv2" "1.51.0"
    "@aws-cdk/aws-route53" "1.51.0"
    "@aws-cdk/core" "1.51.0"
    constructs "^3.0.2"

"@aws-cdk/aws-sns-subscriptions@1.51.0":
  version "1.51.0"
  resolved "https://registry.npmjs.org/@aws-cdk/aws-sns-subscriptions/-/aws-sns-subscriptions-1.51.0.tgz#fdcdd564fa7918038107a6ea79d74614189008fd"
  integrity sha512-0tjED4NIn7KzPCTKsJGBmUEwa8O7sJ8sCBhdm5rZx8cmJ93swiP4f9OdH0p43xMk2DTkJbnnaMM6cXBDq+2l0A==
  dependencies:
    "@aws-cdk/aws-iam" "1.51.0"
    "@aws-cdk/aws-lambda" "1.51.0"
    "@aws-cdk/aws-sns" "1.51.0"
    "@aws-cdk/aws-sqs" "1.51.0"
    "@aws-cdk/core" "1.51.0"
    constructs "^3.0.2"

"@aws-cdk/aws-sns@1.51.0":
  version "1.51.0"
  resolved "https://registry.npmjs.org/@aws-cdk/aws-sns/-/aws-sns-1.51.0.tgz#055d1c24070ff6dc1589269444b7230fc7ad297e"
  integrity sha512-sx0Zvjl0TgY+pAQkllA00Cs6WbLj6tTRZKey58Rwg3vBQ1QC4YIX9WUGbYlPhG2WgQRYA1XBNWMoekDSIz99VA==
  dependencies:
    "@aws-cdk/aws-cloudwatch" "1.51.0"
    "@aws-cdk/aws-events" "1.51.0"
    "@aws-cdk/aws-iam" "1.51.0"
    "@aws-cdk/aws-kms" "1.51.0"
    "@aws-cdk/aws-sqs" "1.51.0"
    "@aws-cdk/core" "1.51.0"
    constructs "^3.0.2"

"@aws-cdk/aws-sqs@1.51.0":
  version "1.51.0"
  resolved "https://registry.npmjs.org/@aws-cdk/aws-sqs/-/aws-sqs-1.51.0.tgz#ce2b208d08674df7df6745359ddf722b25cb4b91"
  integrity sha512-kbprAOr8n/s34y2F3fLPfFgdAu/oSPALw1Kxb2Yeq4+G/M0zpNWUIlJ0awIuKP/ZwUhQQVWmhLHlKoh7JtzMhg==
  dependencies:
    "@aws-cdk/aws-cloudwatch" "1.51.0"
    "@aws-cdk/aws-iam" "1.51.0"
    "@aws-cdk/aws-kms" "1.51.0"
    "@aws-cdk/core" "1.51.0"
    constructs "^3.0.2"

"@aws-cdk/aws-ssm@1.51.0":
  version "1.51.0"
  resolved "https://registry.npmjs.org/@aws-cdk/aws-ssm/-/aws-ssm-1.51.0.tgz#8626101c6e11ab5491796ad874584289b6fee502"
  integrity sha512-DQsiQW4a9nDJuDrOlXaeOOm6YpEWh8jMcjWQwUK47yOo5dvRjShoUCaUcay5pC70RZItMGavriVSqcG4R2cdEw==
  dependencies:
    "@aws-cdk/aws-iam" "1.51.0"
    "@aws-cdk/aws-kms" "1.51.0"
    "@aws-cdk/cloud-assembly-schema" "1.51.0"
    "@aws-cdk/core" "1.51.0"
    constructs "^3.0.2"

"@aws-cdk/aws-stepfunctions@1.51.0":
  version "1.51.0"
  resolved "https://registry.npmjs.org/@aws-cdk/aws-stepfunctions/-/aws-stepfunctions-1.51.0.tgz#9dd1618b0e36f311a3d5619657082621ad487cf0"
  integrity sha512-HlEs+fkNMswo2zwLf4NIXVSZ0+sq68T/78Ez5hLxOTI6INrYwMn66o+xbIBG/dTnlTZ4mtTQ0ZIEJ+hAAk/n2Q==
  dependencies:
    "@aws-cdk/aws-cloudwatch" "1.51.0"
    "@aws-cdk/aws-events" "1.51.0"
    "@aws-cdk/aws-iam" "1.51.0"
    "@aws-cdk/aws-logs" "1.51.0"
    "@aws-cdk/core" "1.51.0"
    constructs "^3.0.2"

"@aws-cdk/cloud-assembly-schema@1.51.0":
  version "1.51.0"
  resolved "https://registry.npmjs.org/@aws-cdk/cloud-assembly-schema/-/cloud-assembly-schema-1.51.0.tgz#924537e876f3c9999aaee5d457ab2729d66b931e"
  integrity sha512-0Hphdnoshxpnxj10Zrv3kQpr4piTTjv6SEPBcYGdh61S45kTtZ62qZJtkOZa+7LGvKL/VAmXKplwfi7Q0v+nKA==
  dependencies:
    jsonschema "^1.2.5"
    semver "^7.2.2"

"@aws-cdk/core@1.51.0":
  version "1.51.0"
  resolved "https://registry.npmjs.org/@aws-cdk/core/-/core-1.51.0.tgz#d5a748408830e04dfae42eb2615f954c6066bc1d"
  integrity sha512-KiVwqF7eDlzgCG+c07+4GxffVx2fC113Ry40Ggi8rynVLzgCIlp4xwOX9JE54bOg1GlrN6oVBQkrJFZnJLAhZA==
  dependencies:
    "@aws-cdk/cloud-assembly-schema" "1.51.0"
    "@aws-cdk/cx-api" "1.51.0"
    constructs "^3.0.2"
    fs-extra "^9.0.1"
    minimatch "^3.0.4"

"@aws-cdk/custom-resources@1.51.0":
  version "1.51.0"
  resolved "https://registry.npmjs.org/@aws-cdk/custom-resources/-/custom-resources-1.51.0.tgz#1b16c7cb7c60cbc576d60ecfb3a5f3c9ca0d244f"
  integrity sha512-ZY7xwCwqtQPwt69oMvDxYCLvA40cgsfqdgwJd9zCdBU23BXJKtQR/Idj8tvATsCbS7eNvX7z1x6CySGz8YT1LA==
  dependencies:
    "@aws-cdk/aws-cloudformation" "1.51.0"
    "@aws-cdk/aws-iam" "1.51.0"
    "@aws-cdk/aws-lambda" "1.51.0"
    "@aws-cdk/aws-logs" "1.51.0"
    "@aws-cdk/aws-sns" "1.51.0"
    "@aws-cdk/core" "1.51.0"
    constructs "^3.0.2"

"@aws-cdk/cx-api@1.51.0":
  version "1.51.0"
  resolved "https://registry.npmjs.org/@aws-cdk/cx-api/-/cx-api-1.51.0.tgz#19952da89aa9669680d1c9dded3f92c662071140"
  integrity sha512-xBjUSS4ltmM08CCqy9Pt+s3Qu8W12J6aEMbqUCiVA5kDh4qlXcQe0u8j12x8E3YJ6EkVLGO8738YP9JwI/eg3A==
  dependencies:
    "@aws-cdk/cloud-assembly-schema" "1.51.0"
    semver "^7.2.2"

"@aws-cdk/region-info@1.51.0":
  version "1.51.0"
  resolved "https://registry.npmjs.org/@aws-cdk/region-info/-/region-info-1.51.0.tgz#45ed323360a586b68d7749d024a7c5f8441afa75"
  integrity sha512-2mWhl8A6+xapousL0QknN4TDsqpqmJdCbTc1i6DCKQSJRHdf/d1Nlu3Wx62BsdBgq95q8mxlbEVulnLbte/rJQ==

arg@^4.1.0:
  version "4.1.3"
  resolved "https://registry.npmjs.org/arg/-/arg-4.1.3.tgz#269fc7ad5b8e42cb63c896d5666017261c144089"
  integrity sha512-58S9QDqG0Xx27YwPSt9fJxivjYl432YCwfDMfZ+71RAqUrZef7LrKQZ3LHLOwCS4FLNBplP533Zx895SeOCHvA==

at-least-node@^1.0.0:
  version "1.0.0"
  resolved "https://registry.yarnpkg.com/at-least-node/-/at-least-node-1.0.0.tgz#602cd4b46e844ad4effc92a8011a3c46e0238dc2"
  integrity sha512-+q/t7Ekv1EDY2l6Gda6LLiX14rU9TV20Wa3ofeQmwPFZbOMo9DXrLbOjFaaclkXKWidIaopwAObQDqwWtGUjqg==

balanced-match@^1.0.0:
  version "1.0.0"
  resolved "https://registry.yarnpkg.com/balanced-match/-/balanced-match-1.0.0.tgz#89b4d199ab2bee49de164ea02b89ce462d71b767"
  integrity sha1-ibTRmasr7kneFk6gK4nORi1xt2c=

brace-expansion@^1.1.7:
  version "1.1.11"
  resolved "https://registry.yarnpkg.com/brace-expansion/-/brace-expansion-1.1.11.tgz#3c7fcbf529d87226f3d2f52b966ff5271eb441dd"
  integrity sha512-iCuPHDFgrHX7H2vEI/5xpz07zSHB00TpugqhmYtVmMO6518mCuRMoOYFldEBl0g187ufozdaHgWKcYFb61qGiA==
  dependencies:
    balanced-match "^1.0.0"
    concat-map "0.0.1"

buffer-from@^1.0.0:
  version "1.1.1"
  resolved "https://registry.npmjs.org/buffer-from/-/buffer-from-1.1.1.tgz#32713bc028f75c02fdb710d7c7bcec1f2c6070ef"
  integrity sha512-MQcXEUbCKtEo7bhqEs6560Hyd4XaovZlO/k9V3hjVUF/zwW7KBVdSK4gIt/bzwS9MbR5qob+F5jusZsb0YQK2A==

case@1.6.3:
  version "1.6.3"
  resolved "https://registry.npmjs.org/case/-/case-1.6.3.tgz#0a4386e3e9825351ca2e6216c60467ff5f1ea1c9"
  integrity sha512-mzDSXIPaFwVDvZAHqZ9VlbyF4yyXRuX6IvB06WvPYkqJVO24kX1PPhv9bfpKNFZyxYFmmgo03HUiD8iklmJYRQ==

concat-map@0.0.1:
  version "0.0.1"
  resolved "https://registry.yarnpkg.com/concat-map/-/concat-map-0.0.1.tgz#d8a96bd77fd68df7793a73036a3ba0d5405d477b"
  integrity sha1-2Klr13/Wjfd5OnMDajug1UBdR3s=

constructs@^3.0.2:
  version "3.0.4"
  resolved "https://registry.yarnpkg.com/constructs/-/constructs-3.0.4.tgz#eb1ed5b80f6600b8d50de83971357ae0fe8e29a2"
  integrity sha512-CDvg7gMjphE3DFX4pzkF6j73NREbR8npPFW8Mx/CLRnMR035+Y1o1HrXIsNSss/dq3ZUnNTU9jKyd3fL9EOlfw==

diff@^4.0.1:
  version "4.0.2"
  resolved "https://registry.npmjs.org/diff/-/diff-4.0.2.tgz#60f3aecb89d5fae520c11aa19efc2bb982aade7d"
  integrity sha512-58lmxKSA4BNyLz+HHMUzlOEpg09FV+ev6ZMe3vJihgdxzgcwZ8VoEEPmALCZG9LmqfVoNMMKpttIYTVG6uDY7A==

fs-extra@^9.0.1:
  version "9.0.1"
  resolved "https://registry.yarnpkg.com/fs-extra/-/fs-extra-9.0.1.tgz#910da0062437ba4c39fedd863f1675ccfefcb9fc"
  integrity sha512-h2iAoN838FqAFJY2/qVpzFXy+EBxfVE220PalAqQLDVsFOHLJrZvut5puAbCdNv6WJk+B8ihI+k0c7JK5erwqQ==
  dependencies:
    at-least-node "^1.0.0"
    graceful-fs "^4.2.0"
    jsonfile "^6.0.1"
    universalify "^1.0.0"

graceful-fs@^4.1.6, graceful-fs@^4.2.0:
  version "4.2.4"
  resolved "https://registry.yarnpkg.com/graceful-fs/-/graceful-fs-4.2.4.tgz#2256bde14d3632958c465ebc96dc467ca07a29fb"
  integrity sha512-WjKPNJF79dtJAVniUlGGWHYGz2jWxT6VhN/4m1NdkbZ2nOsEF+cI1Edgql5zCRhs/VsQYRvrXctxktVXZUkixw==

jsonfile@^6.0.1:
  version "6.0.1"
  resolved "https://registry.yarnpkg.com/jsonfile/-/jsonfile-6.0.1.tgz#98966cba214378c8c84b82e085907b40bf614179"
  integrity sha512-jR2b5v7d2vIOust+w3wtFKZIfpC2pnRmFAhAC/BuweZFQR8qZzxH1OyrQ10HmdVYiXWkYUqPVsz91cG7EL2FBg==
  dependencies:
    universalify "^1.0.0"
  optionalDependencies:
    graceful-fs "^4.1.6"

jsonschema@^1.2.5:
  version "1.2.6"
  resolved "https://registry.yarnpkg.com/jsonschema/-/jsonschema-1.2.6.tgz#52b0a8e9dc06bbae7295249d03e4b9faee8a0c0b"
  integrity sha512-SqhURKZG07JyKKeo/ir24QnS4/BV7a6gQy93bUSe4lUdNp0QNpIz2c9elWJQ9dpc5cQYY6cvCzgRwy0MQCLyqA==

make-error@^1.1.1:
  version "1.3.6"
  resolved "https://registry.npmjs.org/make-error/-/make-error-1.3.6.tgz#2eb2e37ea9b67c4891f684a1394799af484cf7a2"
  integrity sha512-s8UhlNe7vPKomQhC1qFelMokr/Sc3AgNbso3n74mVPA5LTZwkB9NlXf4XPamLxJE8h0gh73rM94xvwRT2CVInw==

minimatch@^3.0.4:
  version "3.0.4"
  resolved "https://registry.yarnpkg.com/minimatch/-/minimatch-3.0.4.tgz#5166e286457f03306064be5497e8dbb0c3d32083"
  integrity sha512-yJHVQEhyqPLUTgt9B83PXu6W3rx4MvvHvSUvToogpwoGDOUQ+yDrR0HRot+yOCdCO7u4hX3pWft6kWBBcqh0UA==
  dependencies:
    brace-expansion "^1.1.7"

rs-cdk@^2.0.5:
  version "2.0.5"
  resolved "https://npm-proxy.fury.io/dm3hysRnxkfYgkxkDCd7/lampogroup/~/up/ver_1xzJwK/rs-cdk%402.0.5.jsii.tgz#2a7ec4fe7123c4a2d4422331d5fea96b75d8eb20"
  integrity sha1-Kn7E/nEjxKLUQiMx1f6pa3XY6yA=
  dependencies:
    "@aws-cdk/aws-batch" "1.51.0"
    "@aws-cdk/aws-codebuild" "1.51.0"
    "@aws-cdk/aws-codedeploy" "1.51.0"
    "@aws-cdk/aws-codepipeline" "1.51.0"
    "@aws-cdk/aws-codepipeline-actions" "1.51.0"
    "@aws-cdk/aws-ec2" "1.51.0"
    "@aws-cdk/aws-ecr" "1.51.0"
    "@aws-cdk/aws-ecs" "1.51.0"
    "@aws-cdk/aws-ecs-patterns" "1.51.0"
    "@aws-cdk/aws-events" "1.51.0"
    "@aws-cdk/aws-events-targets" "1.51.0"
    "@aws-cdk/aws-iam" "1.51.0"
    "@aws-cdk/aws-lambda" "1.51.0"
    "@aws-cdk/aws-s3" "1.51.0"
    "@aws-cdk/aws-secretsmanager" "1.51.0"
    "@aws-cdk/aws-sns" "1.51.0"
    "@aws-cdk/core" "1.51.0"

semver@^7.2.2:
  version "7.3.2"
  resolved "https://registry.yarnpkg.com/semver/-/semver-7.3.2.tgz#604962b052b81ed0786aae84389ffba70ffd3938"
  integrity sha512-OrOb32TeeambH6UrhtShmF7CRDqhL6/5XpPNp2DuRH6+9QLw/orhp72j87v8Qa1ScDkvrrBNpZcDejAirJmfXQ==

source-map-support@^0.5.17:
  version "0.5.19"
  resolved "https://registry.npmjs.org/source-map-support/-/source-map-support-0.5.19.tgz#a98b62f86dcaf4f67399648c085291ab9e8fed61"
  integrity sha512-Wonm7zOCIJzBGQdB+thsPar0kYuCIzYvxZwlBa87yi/Mdjv7Tip2cyVbLj5o0cFPN4EVkuTwb3GDDyUx2DGnGw==
  dependencies:
    buffer-from "^1.0.0"
    source-map "^0.6.0"

source-map@^0.6.0:
  version "0.6.1"
  resolved "https://registry.npmjs.org/source-map/-/source-map-0.6.1.tgz#74722af32e9614e9c287a8d0bbde48b5e2f1a263"
  integrity sha512-UjgapumWlbMhkBgzT7Ykc5YXUT46F0iKu8SGXq0bcwP5dz/h0Plj6enJqjz1Zbq2l5WaqYnrVbwWOWMyF3F47g==

ts-node@^9.0.0:
  version "9.0.0"
  resolved "https://registry.npmjs.org/ts-node/-/ts-node-9.0.0.tgz#e7699d2a110cc8c0d3b831715e417688683460b3"
  integrity sha512-/TqB4SnererCDR/vb4S/QvSZvzQMJN8daAslg7MeaiHvD8rDZsSfXmNeNumyZZzMned72Xoq/isQljYSt8Ynfg==
  dependencies:
    arg "^4.1.0"
    diff "^4.0.1"
    make-error "^1.1.1"
    source-map-support "^0.5.17"
    yn "3.1.1"

typescript@^4.0.2:
  version "4.0.2"
  resolved "https://registry.npmjs.org/typescript/-/typescript-4.0.2.tgz#7ea7c88777c723c681e33bf7988be5d008d05ac2"
  integrity sha512-e4ERvRV2wb+rRZ/IQeb3jm2VxBsirQLpQhdxplZ2MEzGvDkkMmPglecnNDfSUBivMjP93vRbngYYDQqQ/78bcQ==

universalify@^1.0.0:
  version "1.0.0"
  resolved "https://registry.yarnpkg.com/universalify/-/universalify-1.0.0.tgz#b61a1da173e8435b2fe3c67d29b9adf8594bd16d"
  integrity sha512-rb6X1W158d7pRQBg5gkR8uPaSfiids68LTJQYOtEUhoJUWBdaQHsuT/EUduxXYxcrt4r5PJ4fuHW1MHT6p0qug==

yn@3.1.1:
  version "3.1.1"
  resolved "https://registry.npmjs.org/yn/-/yn-3.1.1.tgz#1e87401a09d767c1d5eab26a6e4c185182d2eb50"
  integrity sha512-Ux4ygGWsu2c7isFWe8Yu1YluJmqVhxqK2cLXNQA5AcC3QfbGNpM7fu0Y8b/z16pXLnFxZYvWhd3fhBY9DLmC6Q==
